# THIS IS AN AUTOGENERATED FILE. DO NOT EDIT THIS FILE DIRECTLY.
# yarn lockfile v1
babel-generator:
  version "6.17.0"
  resolved "https://registry.yarnpkg.com/babel-generator/-/babel-generator-6.17.0.tgz#b894e3808beef7800f2550635bfe024b6226cf33"
  dependencies:
    babel-messages "^6.8.0"
    babel-runtime "^6.9.0"
    babel-types "^6.16.0"
    detect-indent "^3.0.1"
    jsesc "^1.3.0"
    lodash "^4.2.0"
    source-map "^0.5.0"

babel-messages@^6.8.0:
  version "6.8.0"
  resolved "https://registry.yarnpkg.com/babel-messages/-/babel-messages-6.8.0.tgz#bf504736ca967e6d65ef0adb5a2a5f947c8e0eb9"
  dependencies:
    babel-runtime "^6.0.0"

babel-runtime@^6.0.0, babel-runtime@^6.9.0, babel-runtime@^6.9.1:
  version "6.11.6"
  resolved "https://registry.yarnpkg.com/babel-runtime/-/babel-runtime-6.11.6.tgz#6db707fef2d49c49bfa3cb64efdb436b518b8222"
  dependencies:
    core-js "^2.4.0"
    regenerator-runtime "^0.9.5"

babel-types@^6.16.0:
  version "6.16.0"
  resolved "https://registry.yarnpkg.com/babel-types/-/babel-types-6.16.0.tgz#71cca1dbe5337766225c5c193071e8ebcbcffcfe"
  dependencies:
    babel-runtime "^6.9.1"
    esutils "^2.0.2"
    lodash "^4.2.0"
    to-fast-properties "^1.0.1"

core-js@^2.4.0:
  version "2.4.1"
  resolved "https://registry.yarnpkg.com/core-js/-/core-js-2.4.1.tgz#4de911e667b0eae9124e34254b53aea6fc618d3e"

detect-indent@^3.0.1:
  version "3.0.1"
  resolved "https://registry.yarnpkg.com/detect-indent/-/detect-indent-3.0.1.tgz#9dc5e5ddbceef8325764b9451b02bc6d54084f75"
  dependencies:
    get-stdin "^4.0.1"
    minimist "^1.1.0"
    repeating "^1.1.0"

esutils@^2.0.2:
  version "2.0.2"
  resolved "https://registry.yarnpkg.com/esutils/-/esutils-2.0.2.tgz#0abf4f1caa5bcb1f7a9d8acc6dea4faaa04bac9b"

get-stdin@^4.0.1:
  version "4.0.1"
  resolved "https://registry.yarnpkg.com/get-stdin/-/get-stdin-4.0.1.tgz#b968c6b0a04384324902e8bf1a5df32579a450fe"

is-finite@^1.0.0:
  version "1.0.2"
  resolved "https://registry.yarnpkg.com/is-finite/-/is-finite-1.0.2.tgz#cc6677695602be550ef11e8b4aa6305342b6d0aa"
  dependencies:
    number-is-nan "^1.0.0"

jsesc@^1.3.0:
  version "1.3.0"
  resolved "https://registry.yarnpkg.com/jsesc/-/jsesc-1.3.0.tgz#46c3fec8c1892b12b0833db9bc7622176dbab34b"

lodash@^4.2.0:
  version "4.16.4"
  resolved "https://registry.yarnpkg.com/lodash/-/lodash-4.16.4.tgz#01ce306b9bad1319f2a5528674f88297aeb70127"

minimist@^1.1.0:
  version "1.2.0"
  resolved "https://registry.yarnpkg.com/minimist/-/minimist-1.2.0.tgz#a35008b20f41383eec1fb914f4cd5df79a264284"

number-is-nan@^1.0.0:
  version "1.0.1"
  resolved "https://registry.yarnpkg.com/number-is-nan/-/number-is-nan-1.0.1.tgz#097b602b53422a522c1afb8790318336941a011d"

regenerator-runtime@^0.9.5:
  version "0.9.5"
  resolved "https://registry.yarnpkg.com/regenerator-runtime/-/regenerator-runtime-0.9.5.tgz#403d6d40a4bdff9c330dd9392dcbb2d9a8bba1fc"

repeating@^1.1.0:
  version "1.1.3"
  resolved "https://registry.yarnpkg.com/repeating/-/repeating-1.1.3.tgz#3d4114218877537494f97f77f9785fab810fa4ac"
  dependencies:
    is-finite "^1.0.0"

source-map@^0.5.0:
  version "0.5.6"
  resolved "https://registry.yarnpkg.com/source-map/-/source-map-0.5.6.tgz#75ce38f52bf0733c5a7f0c118d81334a2bb5f412"

to-fast-properties@^1.0.1:
  version "1.0.2"
  resolved "https://registry.yarnpkg.com/to-fast-properties/-/to-fast-properties-1.0.2.tgz#f3f5c0c3ba7299a7ef99427e44633257ade43320"

